Microsoft Visual Studio Solution File, Format Version 12.00
# Visual Studio Version 17
VisualStudioVersion = 17.5.2.0
MinimumVisualStudioVersion = 10.0.40219.1
Project("{FAE04EC0-301F-11D3-BF4B-00C04F79EFBC}") = "ea_Tracker", "ea_Tracker.csproj", "{91FFF06D-84A7-1E69-AD3A-5F93080D9133}"
EndProject
Global
	GlobalSection(SolutionConfigurationPlatforms) = preSolution
		Debug|Any CPU = Debug|Any CPU
		Release|Any CPU = Release|Any CPU
	EndGlobalSection
	GlobalSection(ProjectConfigurationPlatforms) = postSolution
		{91FFF06D-84A7-1E69-AD3A-5F93080D9133}.Debug|Any CPU.ActiveCfg = Debug|Any CPU
		{91FFF06D-84A7-1E69-AD3A-5F93080D9133}.Debug|Any CPU.Build.0 = Debug|Any CPU
		{91FFF06D-84A7-1E69-AD3A-5F93080D9133}.Release|Any CPU.ActiveCfg = Release|Any CPU
		{91FFF06D-84A7-1E69-AD3A-5F93080D9133}.Release|Any CPU.Build.0 = Release|Any CPU
	EndGlobalSection
	GlobalSection(SolutionProperties) = preSolution
		HideSolutionNode = FALSE
	EndGlobalSection
	GlobalSection(ExtensibilityGlobals) = postSolution
		SolutionGuid = {FEC0EBBC-E095-4C88-B2DE-9164D473B303}
	EndGlobalSection
EndGlobal
